
Microsoft Visual Studio Solution File, Format Version 12.00
# Visual Studio 15
VisualStudioVersion = 15.0.28307.645
MinimumVisualStudioVersion = 10.0.40219.1
Project("{9A19103F-16F7-4668-BE54-9A1E7A4F7556}") = "HeyTom.Application", "HeyTom.Application\HeyTom.Application.csproj", "{878D746C-0F3F-46AC-A09B-0441DE85D1A3}"
EndProject
Project("{9A19103F-16F7-4668-BE54-9A1E7A4F7556}") = "HeyTom.Domain", "HeyTom.Domain\HeyTom.Domain.csproj", "{63EC3147-C5FF-42DC-B5CF-2877A690AA24}"
EndProject
Project("{2150E333-8FDC-42A3-9474-1A3956D46DE8}") = "1 - Presentation", "1 - Presentation", "{E591B2F0-3E50-4144-A2FA-E553F34BC000}"
EndProject
Project("{2150E333-8FDC-42A3-9474-1A3956D46DE8}") = "2 - Service", "2 - Service", "{9F461993-8F28-4B74-831E-0EFB11A5170B}"
EndProject
Project("{2150E333-8FDC-42A3-9474-1A3956D46DE8}") = "3 - Application", "3 - Application", "{890521A7-16D4-43C9-B92D-9E6D82B81146}"
EndProject
Project("{2150E333-8FDC-42A3-9474-1A3956D46DE8}") = "4 - Domain", "4 - Domain", "{FF230A13-0E8D-45D8-895E-D75466D47B3B}"
EndProject
Project("{2150E333-8FDC-42A3-9474-1A3956D46DE8}") = "5 - Infra", "5 - Infra", "{FEC3B2FB-7FDE-48F0-9F17-E1B03C5C2E3E}"
EndProject
Project("{2150E333-8FDC-42A3-9474-1A3956D46DE8}") = "5.1 - Data", "5.1 - Data", "{AEA847D3-FB54-41B7-9004-61598DB1F385}"
EndProject
Project("{2150E333-8FDC-42A3-9474-1A3956D46DE8}") = "5.2 - CrossCutting", "5.2 - CrossCutting", "{155B6E2B-85DB-4CAC-98BC-FCEA99CFC2C6}"
EndProject
Project("{9A19103F-16F7-4668-BE54-9A1E7A4F7556}") = "HeyTom.Infra.Util", "HeyTom.Infra.Util\HeyTom.Infra.Util.csproj", "{78A8B0B0-C088-4BA6-9242-8C93F81DD3CF}"
EndProject
Project("{9A19103F-16F7-4668-BE54-9A1E7A4F7556}") = "HeyTome.Service.Api", "HeyTome.Service.Api\HeyTome.Service.Api.csproj", "{0D34C5F0-AA80-45BE-8F05-BE76F00CF1D4}"
EndProject
Project("{9A19103F-16F7-4668-BE54-9A1E7A4F7556}") = "HeyTom.Infra.MessageQueue", "HeyTom.Infra.MessageQueue\HeyTom.Infra.MessageQueue.csproj", "{B5F9FB16-0B74-469C-8AD7-BF6D228042A1}"
EndProject
Project("{9A19103F-16F7-4668-BE54-9A1E7A4F7556}") = "HeyTom.UI.Web", "HeyTom.UI.Web\HeyTom.UI.Web.csproj", "{A0D70A03-568A-4E1A-B22E-0AAE6D889144}"
EndProject
Project("{9A19103F-16F7-4668-BE54-9A1E7A4F7556}") = "HeyTom.Infra.Ioc", "HeyTom.Infra.Ioc\HeyTom.Infra.Ioc.csproj", "{2D49656D-8AA6-41D9-82CA-F456B8C0FF08}"
EndProject
Project("{9A19103F-16F7-4668-BE54-9A1E7A4F7556}") = "HeyTom.Infra.Data", "HeyTom.Infra.Data\HeyTom.Infra.Data.csproj", "{02DBF5CD-DFD8-4A2F-AECC-C5C200207197}"
EndProject
Project("{FAE04EC0-301F-11D3-BF4B-00C04F79EFBC}") = "HeyTom.Infra.Cache", "HeyTom.Infra.Cache\HeyTom.Infra.Cache\HeyTom.Infra.Cache.csproj", "{2A705FAF-316E-4EC5-AD87-6EE7D5DAB867}"
EndProject
Global
	GlobalSection(SolutionConfigurationPlatforms) = preSolution
		Debug|Any CPU = Debug|Any CPU
		Release|Any CPU = Release|Any CPU
	EndGlobalSection
	GlobalSection(ProjectConfigurationPlatforms) = postSolution
		{878D746C-0F3F-46AC-A09B-0441DE85D1A3}.Debug|Any CPU.ActiveCfg = Debug|Any CPU
		{878D746C-0F3F-46AC-A09B-0441DE85D1A3}.Debug|Any CPU.Build.0 = Debug|Any CPU
		{878D746C-0F3F-46AC-A09B-0441DE85D1A3}.Release|Any CPU.ActiveCfg = Release|Any CPU
		{878D746C-0F3F-46AC-A09B-0441DE85D1A3}.Release|Any CPU.Build.0 = Release|Any CPU
		{63EC3147-C5FF-42DC-B5CF-2877A690AA24}.Debug|Any CPU.ActiveCfg = Debug|Any CPU
		{63EC3147-C5FF-42DC-B5CF-2877A690AA24}.Debug|Any CPU.Build.0 = Debug|Any CPU
		{63EC3147-C5FF-42DC-B5CF-2877A690AA24}.Release|Any CPU.ActiveCfg = Release|Any CPU
		{63EC3147-C5FF-42DC-B5CF-2877A690AA24}.Release|Any CPU.Build.0 = Release|Any CPU
		{78A8B0B0-C088-4BA6-9242-8C93F81DD3CF}.Debug|Any CPU.ActiveCfg = Debug|Any CPU
		{78A8B0B0-C088-4BA6-9242-8C93F81DD3CF}.Debug|Any CPU.Build.0 = Debug|Any CPU
		{78A8B0B0-C088-4BA6-9242-8C93F81DD3CF}.Release|Any CPU.ActiveCfg = Release|Any CPU
		{78A8B0B0-C088-4BA6-9242-8C93F81DD3CF}.Release|Any CPU.Build.0 = Release|Any CPU
		{0D34C5F0-AA80-45BE-8F05-BE76F00CF1D4}.Debug|Any CPU.ActiveCfg = Debug|Any CPU
		{0D34C5F0-AA80-45BE-8F05-BE76F00CF1D4}.Debug|Any CPU.Build.0 = Debug|Any CPU
		{0D34C5F0-AA80-45BE-8F05-BE76F00CF1D4}.Release|Any CPU.ActiveCfg = Release|Any CPU
		{0D34C5F0-AA80-45BE-8F05-BE76F00CF1D4}.Release|Any CPU.Build.0 = Release|Any CPU
		{B5F9FB16-0B74-469C-8AD7-BF6D228042A1}.Debug|Any CPU.ActiveCfg = Debug|Any CPU
		{B5F9FB16-0B74-469C-8AD7-BF6D228042A1}.Debug|Any CPU.Build.0 = Debug|Any CPU
		{B5F9FB16-0B74-469C-8AD7-BF6D228042A1}.Release|Any CPU.ActiveCfg = Release|Any CPU
		{B5F9FB16-0B74-469C-8AD7-BF6D228042A1}.Release|Any CPU.Build.0 = Release|Any CPU
		{A0D70A03-568A-4E1A-B22E-0AAE6D889144}.Debug|Any CPU.ActiveCfg = Debug|Any CPU
		{A0D70A03-568A-4E1A-B22E-0AAE6D889144}.Debug|Any CPU.Build.0 = Debug|Any CPU
		{A0D70A03-568A-4E1A-B22E-0AAE6D889144}.Release|Any CPU.ActiveCfg = Release|Any CPU
		{A0D70A03-568A-4E1A-B22E-0AAE6D889144}.Release|Any CPU.Build.0 = Release|Any CPU
		{2D49656D-8AA6-41D9-82CA-F456B8C0FF08}.Debug|Any CPU.ActiveCfg = Debug|Any CPU
		{2D49656D-8AA6-41D9-82CA-F456B8C0FF08}.Debug|Any CPU.Build.0 = Debug|Any CPU
		{2D49656D-8AA6-41D9-82CA-F456B8C0FF08}.Release|Any CPU.ActiveCfg = Release|Any CPU
		{2D49656D-8AA6-41D9-82CA-F456B8C0FF08}.Release|Any CPU.Build.0 = Release|Any CPU
		{02DBF5CD-DFD8-4A2F-AECC-C5C200207197}.Debug|Any CPU.ActiveCfg = Debug|Any CPU
		{02DBF5CD-DFD8-4A2F-AECC-C5C200207197}.Debug|Any CPU.Build.0 = Debug|Any CPU
		{02DBF5CD-DFD8-4A2F-AECC-C5C200207197}.Release|Any CPU.ActiveCfg = Release|Any CPU
		{02DBF5CD-DFD8-4A2F-AECC-C5C200207197}.Release|Any CPU.Build.0 = Release|Any CPU
		{2A705FAF-316E-4EC5-AD87-6EE7D5DAB867}.Debug|Any CPU.ActiveCfg = Debug|Any CPU
		{2A705FAF-316E-4EC5-AD87-6EE7D5DAB867}.Debug|Any CPU.Build.0 = Debug|Any CPU
		{2A705FAF-316E-4EC5-AD87-6EE7D5DAB867}.Release|Any CPU.ActiveCfg = Release|Any CPU
		{2A705FAF-316E-4EC5-AD87-6EE7D5DAB867}.Release|Any CPU.Build.0 = Release|Any CPU
	EndGlobalSection
	GlobalSection(SolutionProperties) = preSolution
		HideSolutionNode = FALSE
	EndGlobalSection
	GlobalSection(NestedProjects) = preSolution
		{878D746C-0F3F-46AC-A09B-0441DE85D1A3} = {890521A7-16D4-43C9-B92D-9E6D82B81146}
		{63EC3147-C5FF-42DC-B5CF-2877A690AA24} = {FF230A13-0E8D-45D8-895E-D75466D47B3B}
		{AEA847D3-FB54-41B7-9004-61598DB1F385} = {FEC3B2FB-7FDE-48F0-9F17-E1B03C5C2E3E}
		{155B6E2B-85DB-4CAC-98BC-FCEA99CFC2C6} = {FEC3B2FB-7FDE-48F0-9F17-E1B03C5C2E3E}
		{78A8B0B0-C088-4BA6-9242-8C93F81DD3CF} = {155B6E2B-85DB-4CAC-98BC-FCEA99CFC2C6}
		{0D34C5F0-AA80-45BE-8F05-BE76F00CF1D4} = {9F461993-8F28-4B74-831E-0EFB11A5170B}
		{B5F9FB16-0B74-469C-8AD7-BF6D228042A1} = {AEA847D3-FB54-41B7-9004-61598DB1F385}
		{A0D70A03-568A-4E1A-B22E-0AAE6D889144} = {E591B2F0-3E50-4144-A2FA-E553F34BC000}
		{2D49656D-8AA6-41D9-82CA-F456B8C0FF08} = {155B6E2B-85DB-4CAC-98BC-FCEA99CFC2C6}
		{02DBF5CD-DFD8-4A2F-AECC-C5C200207197} = {AEA847D3-FB54-41B7-9004-61598DB1F385}
		{2A705FAF-316E-4EC5-AD87-6EE7D5DAB867} = {AEA847D3-FB54-41B7-9004-61598DB1F385}
	EndGlobalSection
	GlobalSection(ExtensibilityGlobals) = postSolution
		SolutionGuid = {2800F00C-4D20-4EAC-BF76-0AA9D397F3E7}
	EndGlobalSection
EndGlobal
